
Microsoft Visual Studio Solution File, Format Version 12.00
# Visual Studio Version 17
VisualStudioVersion = 17.0.32112.339
MinimumVisualStudioVersion = 10.0.40219.1
Project("{FAE04EC0-301F-11D3-BF4B-00C04F79EFBC}") = "ConsoleApp4", "ConsoleApp4.csproj", "{D90041FA-B7AA-4968-BD93-CFC9E4B37923}"
EndProject
Global
	GlobalSection(SolutionConfigurationPlatforms) = preSolution
		Debug|Any CPU = Debug|Any CPU
		Release|Any CPU = Release|Any CPU
	EndGlobalSection
	GlobalSection(ProjectConfigurationPlatforms) = postSolution
		{D90041FA-B7AA-4968-BD93-CFC9E4B37923}.Debug|Any CPU.ActiveCfg = Debug|Any CPU
		{D90041FA-B7AA-4968-BD93-CFC9E4B37923}.Debug|Any CPU.Build.0 = Debug|Any CPU
		{D90041FA-B7AA-4968-BD93-CFC9E4B37923}.Release|Any CPU.ActiveCfg = Release|Any CPU
		{D90041FA-B7AA-4968-BD93-CFC9E4B37923}.Release|Any CPU.Build.0 = Release|Any CPU
	EndGlobalSection
	GlobalSection(SolutionProperties) = preSolution
		HideSolutionNode = FALSE
	EndGlobalSection
	GlobalSection(ExtensibilityGlobals) = postSolution
		SolutionGuid = {3AFA0ABD-C6BF-48F7-9687-5A27A2A2B261}
	EndGlobalSection
EndGlobal
